
Microsoft Visual Studio Solution File, Format Version 12.00
# Visual Studio Version 17
VisualStudioVersion = 17.6.33723.286
MinimumVisualStudioVersion = 10.0.40219.1
Project("{8BC9CEB8-8B4A-11D0-8D11-00A0C91BC942}") = "InvasionSpace", "InvasionSpace\InvasionSpace.vcxproj", "{C73B715E-2531-4C03-AB83-305714461295}"
EndProject
Global
	GlobalSection(SolutionConfigurationPlatforms) = preSolution
		Debug|x64 = Debug|x64
		Debug|x86 = Debug|x86
		Release|x64 = Release|x64
		Release|x86 = Release|x86
	EndGlobalSection
	GlobalSection(ProjectConfigurationPlatforms) = postSolution
		{C73B715E-2531-4C03-AB83-305714461295}.Debug|x64.ActiveCfg = Debug|x64
		{C73B715E-2531-4C03-AB83-305714461295}.Debug|x64.Build.0 = Debug|x64
		{C73B715E-2531-4C03-AB83-305714461295}.Debug|x86.ActiveCfg = Debug|Win32
		{C73B715E-2531-4C03-AB83-305714461295}.Debug|x86.Build.0 = Debug|Win32
		{C73B715E-2531-4C03-AB83-305714461295}.Release|x64.ActiveCfg = Release|x64
		{C73B715E-2531-4C03-AB83-305714461295}.Release|x64.Build.0 = Release|x64
		{C73B715E-2531-4C03-AB83-305714461295}.Release|x86.ActiveCfg = Release|Win32
		{C73B715E-2531-4C03-AB83-305714461295}.Release|x86.Build.0 = Release|Win32
	EndGlobalSection
	GlobalSection(SolutionProperties) = preSolution
		HideSolutionNode = FALSE
	EndGlobalSection
	GlobalSection(ExtensibilityGlobals) = postSolution
		SolutionGuid = {A7745C3C-0330-47D3-AD81-9AA16797F51F}
	EndGlobalSection
EndGlobal
